// !$*UTF8*$!
{
	archiveVersion = 1;
	classes = {
	};
	objectVersion = 50;
	objects = {

/* Begin PBXBuildFile section */
		A59D729C25FAA680001E2E21 /* MemoryGame.swift in Sources */ = {isa = PBXBuildFile; fileRef = A59D729B25FAA680001E2E21 /* MemoryGame.swift */; };
		A59D729D25FAA680001E2E21 /* MemoryGame.swift in Sources */ = {isa = PBXBuildFile; fileRef = A59D729B25FAA680001E2E21 /* MemoryGame.swift */; };
		A59D72A525FAA72E001E2E21 /* EmojiMemoryGame.swift in Sources */ = {isa = PBXBuildFile; fileRef = A59D72A425FAA72D001E2E21 /* EmojiMemoryGame.swift */; };
		A59D72A625FAA72E001E2E21 /* EmojiMemoryGame.swift in Sources */ = {isa = PBXBuildFile; fileRef = A59D72A425FAA72D001E2E21 /* EmojiMemoryGame.swift */; };
		A59FFD6125FA74CE006B8994 /* MemorizeApp.swift in Sources */ = {isa = PBXBuildFile; fileRef = A59FFD4E25FA74CD006B8994 /* MemorizeApp.swift */; };
		A59FFD6225FA74CE006B8994 /* MemorizeApp.swift in Sources */ = {isa = PBXBuildFile; fileRef = A59FFD4E25FA74CD006B8994 /* MemorizeApp.swift */; };
		A59FFD6325FA74CE006B8994 /* ContentView.swift in Sources */ = {isa = PBXBuildFile; fileRef = A59FFD4F25FA74CD006B8994 /* ContentView.swift */; };
		A59FFD6425FA74CE006B8994 /* ContentView.swift in Sources */ = {isa = PBXBuildFile; fileRef = A59FFD4F25FA74CD006B8994 /* ContentView.swift */; };
		A59FFD6525FA74CE006B8994 /* Assets.xcassets in Resources */ = {isa = PBXBuildFile; fileRef = A59FFD5025FA74CE006B8994 /* Assets.xcassets */; };
		A59FFD6625FA74CE006B8994 /* Assets.xcassets in Resources */ = {isa = PBXBuildFile; fileRef = A59FFD5025FA74CE006B8994 /* Assets.xcassets */; };
/* End PBXBuildFile section */

/* Begin PBXFileReference section */
		A59D729B25FAA680001E2E21 /* MemoryGame.swift */ = {isa = PBXFileReference; lastKnownFileType = sourcecode.swift; path = MemoryGame.swift; sourceTree = "<group>"; };
		A59D72A425FAA72D001E2E21 /* EmojiMemoryGame.swift */ = {isa = PBXFileReference; lastKnownFileType = sourcecode.swift; path = EmojiMemoryGame.swift; sourceTree = "<group>"; };
		A59FFD4E25FA74CD006B8994 /* MemorizeApp.swift */ = {isa = PBXFileReference; lastKnownFileType = sourcecode.swift; path = MemorizeApp.swift; sourceTree = "<group>"; };
		A59FFD4F25FA74CD006B8994 /* ContentView.swift */ = {isa = PBXFileReference; lastKnownFileType = sourcecode.swift; path = ContentView.swift; sourceTree = "<group>"; };
		A59FFD5025FA74CE006B8994 /* Assets.xcassets */ = {isa = PBXFileReference; lastKnownFileType = folder.assetcatalog; path = Assets.xcassets; sourceTree = "<group>"; };
		A59FFD5525FA74CE006B8994 /* Memorize.app */ = {isa = PBXFileReference; explicitFileType = wrapper.application; includeInIndex = 0; path = Memorize.app; sourceTree = BUILT_PRODUCTS_DIR; };
		A59FFD5825FA74CE006B8994 /* Info.plist */ = {isa = PBXFileReference; lastKnownFileType = text.plist.xml; path = Info.plist; sourceTree = "<group>"; };
		A59FFD5D25FA74CE006B8994 /* Memorize.app */ = {isa = PBXFileReference; explicitFileType = wrapper.application; includeInIndex = 0; path = Memorize.app; sourceTree = BUILT_PRODUCTS_DIR; };
		A59FFD5F25FA74CE006B8994 /* Info.plist */ = {isa = PBXFileReference; lastKnownFileType = text.plist.xml; path = Info.plist; sourceTree = "<group>"; };
		A59FFD6025FA74CE006B8994 /* macOS.entitlements */ = {isa = PBXFileReference; lastKnownFileType = text.plist.entitlements; path = macOS.entitlements; sourceTree = "<group>"; };
/* End PBXFileReference section */

/* Begin PBXFrameworksBuildPhase section */
		A59FFD5225FA74CE006B8994 /* Frameworks */ = {
			isa = PBXFrameworksBuildPhase;
			buildActionMask = 2147483647;
			files = (
			);
			runOnlyForDeploymentPostprocessing = 0;
		};
		A59FFD5A25FA74CE006B8994 /* Frameworks */ = {
			isa = PBXFrameworksBuildPhase;
			buildActionMask = 2147483647;
			files = (
			);
			runOnlyForDeploymentPostprocessing = 0;
		};
/* End PBXFrameworksBuildPhase section */

/* Begin PBXGroup section */
		A59D72A025FAA6E5001E2E21 /* Models */ = {
			isa = PBXGroup;
			children = (
				A59D729B25FAA680001E2E21 /* MemoryGame.swift */,
			);
			path = Models;
			sourceTree = "<group>";
		};
		A59D72A325FAA705001E2E21 /* VIewModels */ = {
			isa = PBXGroup;
			children = (
				A59D72A425FAA72D001E2E21 /* EmojiMemoryGame.swift */,
			);
			path = VIewModels;
			sourceTree = "<group>";
		};
		A59FFD4825FA74CD006B8994 = {
			isa = PBXGroup;
			children = (
				A59FFD4D25FA74CD006B8994 /* Shared */,
				A59FFD5725FA74CE006B8994 /* iOS */,
				A59FFD5E25FA74CE006B8994 /* macOS */,
				A59FFD5625FA74CE006B8994 /* Products */,
			);
			sourceTree = "<group>";
		};
		A59FFD4D25FA74CD006B8994 /* Shared */ = {
			isa = PBXGroup;
			children = (
				A59FFD4E25FA74CD006B8994 /* MemorizeApp.swift */,
				A59FFD4F25FA74CD006B8994 /* ContentView.swift */,
				A59D72A025FAA6E5001E2E21 /* Models */,
				A59D72A325FAA705001E2E21 /* VIewModels */,
				A59FFD5025FA74CE006B8994 /* Assets.xcassets */,
			);
			path = Shared;
			sourceTree = "<group>";
		};
		A59FFD5625FA74CE006B8994 /* Products */ = {
			isa = PBXGroup;
			children = (
				A59FFD5525FA74CE006B8994 /* Memorize.app */,
				A59FFD5D25FA74CE006B8994 /* Memorize.app */,
			);
			name = Products;
			sourceTree = "<group>";
		};
		A59FFD5725FA74CE006B8994 /* iOS */ = {
			isa = PBXGroup;
			children = (
				A59FFD5825FA74CE006B8994 /* Info.plist */,
			);
			path = iOS;
			sourceTree = "<group>";
		};
		A59FFD5E25FA74CE006B8994 /* macOS */ = {
			isa = PBXGroup;
			children = (
				A59FFD5F25FA74CE006B8994 /* Info.plist */,
				A59FFD6025FA74CE006B8994 /* macOS.entitlements */,
			);
			path = macOS;
			sourceTree = "<group>";
		};
/* End PBXGroup section */

/* Begin PBXNativeTarget section */
		A59FFD5425FA74CE006B8994 /* Memorize (iOS) */ = {
			isa = PBXNativeTarget;
			buildConfigurationList = A59FFD6925FA74CE006B8994 /* Build configuration list for PBXNativeTarget "Memorize (iOS)" */;
			buildPhases = (
				A59FFD5125FA74CE006B8994 /* Sources */,
				A59FFD5225FA74CE006B8994 /* Frameworks */,
				A59FFD5325FA74CE006B8994 /* Resources */,
			);
			buildRules = (
			);
			dependencies = (
			);
			name = "Memorize (iOS)";
			productName = "Memorize (iOS)";
			productReference = A59FFD5525FA74CE006B8994 /* Memorize.app */;
			productType = "com.apple.product-type.application";
		};
		A59FFD5C25FA74CE006B8994 /* Memorize (macOS) */ = {
			isa = PBXNativeTarget;
			buildConfigurationList = A59FFD6C25FA74CE006B8994 /* Build configuration list for PBXNativeTarget "Memorize (macOS)" */;
			buildPhases = (
				A59FFD5925FA74CE006B8994 /* Sources */,
				A59FFD5A25FA74CE006B8994 /* Frameworks */,
				A59FFD5B25FA74CE006B8994 /* Resources */,
			);
			buildRules = (
			);
			dependencies = (
			);
			name = "Memorize (macOS)";
			productName = "Memorize (macOS)";
			productReference = A59FFD5D25FA74CE006B8994 /* Memorize.app */;
			productType = "com.apple.product-type.application";
		};
/* End PBXNativeTarget section */

/* Begin PBXProject section */
		A59FFD4925FA74CD006B8994 /* Project object */ = {
			isa = PBXProject;
			attributes = {
				LastSwiftUpdateCheck = 1240;
				LastUpgradeCheck = 1240;
				TargetAttributes = {
					A59FFD5425FA74CE006B8994 = {
						CreatedOnToolsVersion = 12.4;
					};
					A59FFD5C25FA74CE006B8994 = {
						CreatedOnToolsVersion = 12.4;
					};
				};
			};
			buildConfigurationList = A59FFD4C25FA74CD006B8994 /* Build configuration list for PBXProject "Memorize" */;
			compatibilityVersion = "Xcode 9.3";
			developmentRegion = en;
			hasScannedForEncodings = 0;
			knownRegions = (
				en,
				Base,
			);
			mainGroup = A59FFD4825FA74CD006B8994;
			productRefGroup = A59FFD5625FA74CE006B8994 /* Products */;
			projectDirPath = "";
			projectRoot = "";
			targets = (
				A59FFD5425FA74CE006B8994 /* Memorize (iOS) */,
				A59FFD5C25FA74CE006B8994 /* Memorize (macOS) */,
			);
		};
/* End PBXProject section */

/* Begin PBXResourcesBuildPhase section */
		A59FFD5325FA74CE006B8994 /* Resources */ = {
			isa = PBXResourcesBuildPhase;
			buildActionMask = 2147483647;
			files = (
				A59FFD6525FA74CE006B8994 /* Assets.xcassets in Resources */,
			);
			runOnlyForDeploymentPostprocessing = 0;
		};
		A59FFD5B25FA74CE006B8994 /* Resources */ = {
			isa = PBXResourcesBuildPhase;
			buildActionMask = 2147483647;
			files = (
				A59FFD6625FA74CE006B8994 /* Assets.xcassets in Resources */,
			);
			runOnlyForDeploymentPostprocessing = 0;
		};
/* End PBXResourcesBuildPhase section */

/* Begin PBXSourcesBuildPhase section */
		A59FFD5125FA74CE006B8994 /* Sources */ = {
			isa = PBXSourcesBuildPhase;
			buildActionMask = 2147483647;
			files = (
				A59D729C25FAA680001E2E21 /* MemoryGame.swift in Sources */,
				A59FFD6325FA74CE006B8994 /* ContentView.swift in Sources */,
				A59FFD6125FA74CE006B8994 /* MemorizeApp.swift in Sources */,
				A59D72A525FAA72E001E2E21 /* EmojiMemoryGame.swift in Sources */,
			);
			runOnlyForDeploymentPostprocessing = 0;
		};
		A59FFD5925FA74CE006B8994 /* Sources */ = {
			isa = PBXSourcesBuildPhase;
			buildActionMask = 2147483647;
			files = (
				A59D729D25FAA680001E2E21 /* MemoryGame.swift in Sources */,
				A59FFD6425FA74CE006B8994 /* ContentView.swift in Sources */,
				A59FFD6225FA74CE006B8994 /* MemorizeApp.swift in Sources */,
				A59D72A625FAA72E001E2E21 /* EmojiMemoryGame.swift in Sources */,
			);
			runOnlyForDeploymentPostprocessing = 0;
		};
/* End PBXSourcesBuildPhase section */

/* Begin XCBuildConfiguration section */
		A59FFD6725FA74CE006B8994 /* Debug */ = {
			isa = XCBuildConfiguration;
			buildSettings = {
				ALWAYS_SEARCH_USER_PATHS = NO;
				CLANG_ANALYZER_NONNULL = YES;
				CLANG_ANALYZER_NUMBER_OBJECT_CONVERSION = YES_AGGRESSIVE;
				CLANG_CXX_LANGUAGE_STANDARD = "gnu++14";
				CLANG_CXX_LIBRARY = "libc++";
				CLANG_ENABLE_MODULES = YES;
				CLANG_ENABLE_OBJC_ARC = YES;
				CLANG_ENABLE_OBJC_WEAK = YES;
				CLANG_WARN_BLOCK_CAPTURE_AUTORELEASING = YES;
				CLANG_WARN_BOOL_CONVERSION = YES;
				CLANG_WARN_COMMA = YES;
				CLANG_WARN_CONSTANT_CONVERSION = YES;
				CLANG_WARN_DEPRECATED_OBJC_IMPLEMENTATIONS = YES;
				CLANG_WARN_DIRECT_OBJC_ISA_USAGE = YES_ERROR;
				CLANG_WARN_DOCUMENTATION_COMMENTS = YES;
				CLANG_WARN_EMPTY_BODY = YES;
				CLANG_WARN_ENUM_CONVERSION = YES;
				CLANG_WARN_INFINITE_RECURSION = YES;
				CLANG_WARN_INT_CONVERSION = YES;
				CLANG_WARN_NON_LITERAL_NULL_CONVERSION = YES;
				CLANG_WARN_OBJC_IMPLICIT_RETAIN_SELF = YES;
				CLANG_WARN_OBJC_LITERAL_CONVERSION = YES;
				CLANG_WARN_OBJC_ROOT_CLASS = YES_ERROR;
				CLANG_WARN_QUOTED_INCLUDE_IN_FRAMEWORK_HEADER = YES;
				CLANG_WARN_RANGE_LOOP_ANALYSIS = YES;
				CLANG_WARN_STRICT_PROTOTYPES = YES;
				CLANG_WARN_SUSPICIOUS_MOVE = YES;
				CLANG_WARN_UNGUARDED_AVAILABILITY = YES_AGGRESSIVE;
				CLANG_WARN_UNREACHABLE_CODE = YES;
				CLANG_WARN__DUPLICATE_METHOD_MATCH = YES;
				COPY_PHASE_STRIP = NO;
				DEBUG_INFORMATION_FORMAT = dwarf;
				ENABLE_STRICT_OBJC_MSGSEND = YES;
				ENABLE_TESTABILITY = YES;
				GCC_C_LANGUAGE_STANDARD = gnu11;
				GCC_DYNAMIC_NO_PIC = NO;
				GCC_NO_COMMON_BLOCKS = YES;
				GCC_OPTIMIZATION_LEVEL = 0;
				GCC_PREPROCESSOR_DEFINITIONS = (
					"DEBUG=1",
					"$(inherited)",
				);
				GCC_WARN_64_TO_32_BIT_CONVERSION = YES;
				GCC_WARN_ABOUT_RETURN_TYPE = YES_ERROR;
				GCC_WARN_UNDECLARED_SELECTOR = YES;
				GCC_WARN_UNINITIALIZED_AUTOS = YES_AGGRESSIVE;
				GCC_WARN_UNUSED_FUNCTION = YES;
				GCC_WARN_UNUSED_VARIABLE = YES;
				MTL_ENABLE_DEBUG_INFO = INCLUDE_SOURCE;
				MTL_FAST_MATH = YES;
				ONLY_ACTIVE_ARCH = YES;
				SWIFT_ACTIVE_COMPILATION_CONDITIONS = DEBUG;
				SWIFT_OPTIMIZATION_LEVEL = "-Onone";
			};
			name = Debug;
		};
		A59FFD6825FA74CE006B8994 /* Release */ = {
			isa = XCBuildConfiguration;
			buildSettings = {
				ALWAYS_SEARCH_USER_PATHS = NO;
				CLANG_ANALYZER_NONNULL = YES;
				CLANG_ANALYZER_NUMBER_OBJECT_CONVERSION = YES_AGGRESSIVE;
				CLANG_CXX_LANGUAGE_STANDARD = "gnu++14";
				CLANG_CXX_LIBRARY = "libc++";
				CLANG_ENABLE_MODULES = YES;
				CLANG_ENABLE_OBJC_ARC = YES;
				CLANG_ENABLE_OBJC_WEAK = YES;
				CLANG_WARN_BLOCK_CAPTURE_AUTORELEASING = YES;
				CLANG_WARN_BOOL_CONVERSION = YES;
				CLANG_WARN_COMMA = YES;
				CLANG_WARN_CONSTANT_CONVERSION = YES;
				CLANG_WARN_DEPRECATED_OBJC_IMPLEMENTATIONS = YES;
				CLANG_WARN_DIRECT_OBJC_ISA_USAGE = YES_ERROR;
				CLANG_WARN_DOCUMENTATION_COMMENTS = YES;
				CLANG_WARN_EMPTY_BODY = YES;
				CLANG_WARN_ENUM_CONVERSION = YES;
				CLANG_WARN_INFINITE_RECURSION = YES;
				CLANG_WARN_INT_CONVERSION = YES;
				CLANG_WARN_NON_LITERAL_NULL_CONVERSION = YES;
				CLANG_WARN_OBJC_IMPLICIT_RETAIN_SELF = YES;
				CLANG_WARN_OBJC_LITERAL_CONVERSION = YES;
				CLANG_WARN_OBJC_ROOT_CLASS = YES_ERROR;
				CLANG_WARN_QUOTED_INCLUDE_IN_FRAMEWORK_HEADER = YES;
				CLANG_WARN_RANGE_LOOP_ANALYSIS = YES;
				CLANG_WARN_STRICT_PROTOTYPES = YES;
				CLANG_WARN_SUSPICIOUS_MOVE = YES;
				CLANG_WARN_UNGUARDED_AVAILABILITY = YES_AGGRESSIVE;
				CLANG_WARN_UNREACHABLE_CODE = YES;
				CLANG_WARN__DUPLICATE_METHOD_MATCH = YES;
				COPY_PHASE_STRIP = NO;
				DEBUG_INFORMATION_FORMAT = "dwarf-with-dsym";
				ENABLE_NS_ASSERTIONS = NO;
				ENABLE_STRICT_OBJC_MSGSEND = YES;
				GCC_C_LANGUAGE_STANDARD = gnu11;
				GCC_NO_COMMON_BLOCKS = YES;
				GCC_WARN_64_TO_32_BIT_CONVERSION = YES;
				GCC_WARN_ABOUT_RETURN_TYPE = YES_ERROR;
				GCC_WARN_UNDECLARED_SELECTOR = YES;
				GCC_WARN_UNINITIALIZED_AUTOS = YES_AGGRESSIVE;
				GCC_WARN_UNUSED_FUNCTION = YES;
				GCC_WARN_UNUSED_VARIABLE = YES;
				MTL_ENABLE_DEBUG_INFO = NO;
				MTL_FAST_MATH = YES;
				SWIFT_COMPILATION_MODE = wholemodule;
				SWIFT_OPTIMIZATION_LEVEL = "-O";
			};
			name = Release;
		};
		A59FFD6A25FA74CE006B8994 /* Debug */ = {
			isa = XCBuildConfiguration;
			buildSettings = {
				ASSETCATALOG_COMPILER_APPICON_NAME = AppIcon;
				ASSETCATALOG_COMPILER_GLOBAL_ACCENT_COLOR_NAME = AccentColor;
				CODE_SIGN_STYLE = Automatic;
				ENABLE_PREVIEWS = YES;
				INFOPLIST_FILE = iOS/Info.plist;
				IPHONEOS_DEPLOYMENT_TARGET = 14.0;
				LD_RUNPATH_SEARCH_PATHS = (
					"$(inherited)",
					"@executable_path/Frameworks",
				);
				PRODUCT_BUNDLE_IDENTIFIER = com.alliston.stanfordCS193.Memorize;
				PRODUCT_NAME = Memorize;
				SDKROOT = iphoneos;
				SWIFT_VERSION = 5.0;
				TARGETED_DEVICE_FAMILY = "1,2";
			};
			name = Debug;
		};
		A59FFD6B25FA74CE006B8994 /* Release */ = {
			isa = XCBuildConfiguration;
			buildSettings = {
				ASSETCATALOG_COMPILER_APPICON_NAME = AppIcon;
				ASSETCATALOG_COMPILER_GLOBAL_ACCENT_COLOR_NAME = AccentColor;
				CODE_SIGN_STYLE = Automatic;
				ENABLE_PREVIEWS = YES;
				INFOPLIST_FILE = iOS/Info.plist;
				IPHONEOS_DEPLOYMENT_TARGET = 14.0;
				LD_RUNPATH_SEARCH_PATHS = (
					"$(inherited)",
					"@executable_path/Frameworks",
				);
				PRODUCT_BUNDLE_IDENTIFIER = com.alliston.stanfordCS193.Memorize;
				PRODUCT_NAME = Memorize;
				SDKROOT = iphoneos;
				SWIFT_VERSION = 5.0;
				TARGETED_DEVICE_FAMILY = "1,2";
				VALIDATE_PRODUCT = YES;
			};
			name = Release;
		};
		A59FFD6D25FA74CE006B8994 /* Debug */ = {
			isa = XCBuildConfiguration;
			buildSettings = {
				ASSETCATALOG_COMPILER_APPICON_NAME = AppIcon;
				ASSETCATALOG_COMPILER_GLOBAL_ACCENT_COLOR_NAME = AccentColor;
				CODE_SIGN_ENTITLEMENTS = macOS/macOS.entitlements;
				CODE_SIGN_STYLE = Automatic;
				COMBINE_HIDPI_IMAGES = YES;
				ENABLE_PREVIEWS = YES;
				INFOPLIST_FILE = macOS/Info.plist;
				LD_RUNPATH_SEARCH_PATHS = (
					"$(inherited)",
					"@executable_path/../Frameworks",
				);
				MACOSX_DEPLOYMENT_TARGET = 11.0;
				PRODUCT_BUNDLE_IDENTIFIER = com.alliston.stanfordCS193.Memorize;
				PRODUCT_NAME = Memorize;
				SDKROOT = macosx;
				SWIFT_VERSION = 5.0;
			};
			name = Debug;
		};
		A59FFD6E25FA74CE006B8994 /* Release */ = {
			isa = XCBuildConfiguration;
			buildSettings = {
				ASSETCATALOG_COMPILER_APPICON_NAME = AppIcon;
				ASSETCATALOG_COMPILER_GLOBAL_ACCENT_COLOR_NAME = AccentColor;
				CODE_SIGN_ENTITLEMENTS = macOS/macOS.entitlements;
				CODE_SIGN_STYLE = Automatic;
				COMBINE_HIDPI_IMAGES = YES;
				ENABLE_PREVIEWS = YES;
				INFOPLIST_FILE = macOS/Info.plist;
				LD_RUNPATH_SEARCH_PATHS = (
					"$(inherited)",
					"@executable_path/../Frameworks",
				);
				MACOSX_DEPLOYMENT_TARGET = 11.0;
				PRODUCT_BUNDLE_IDENTIFIER = com.alliston.stanfordCS193.Memorize;
				PRODUCT_NAME = Memorize;
				SDKROOT = macosx;
				SWIFT_VERSION = 5.0;
			};
			name = Release;
		};
/* End XCBuildConfiguration section */

/* Begin XCConfigurationList section */
		A59FFD4C25FA74CD006B8994 /* Build configuration list for PBXProject "Memorize" */ = {
			isa = XCConfigurationList;
			buildConfigurations = (
				A59FFD6725FA74CE006B8994 /* Debug */,
				A59FFD6825FA74CE006B8994 /* Release */,
			);
			defaultConfigurationIsVisible = 0;
			defaultConfigurationName = Release;
		};
		A59FFD6925FA74CE006B8994 /* Build configuration list for PBXNativeTarget "Memorize (iOS)" */ = {
			isa = XCConfigurationList;
			buildConfigurations = (
				A59FFD6A25FA74CE006B8994 /* Debug */,
				A59FFD6B25FA74CE006B8994 /* Release */,
			);
			defaultConfigurationIsVisible = 0;
			defaultConfigurationName = Release;
		};
		A59FFD6C25FA74CE006B8994 /* Build configuration list for PBXNativeTarget "Memorize (macOS)" */ = {
			isa = XCConfigurationList;
			buildConfigurations = (
				A59FFD6D25FA74CE006B8994 /* Debug */,
				A59FFD6E25FA74CE006B8994 /* Release */,
			);
			defaultConfigurationIsVisible = 0;
			defaultConfigurationName = Release;
		};
/* End XCConfigurationList section */
	};
	rootObject = A59FFD4925FA74CD006B8994 /* Project object */;
}
